# THIS IS AN AUTOGENERATED FILE. DO NOT EDIT THIS FILE DIRECTLY.
# yarn lockfile v1


anchor.js@latest:
  version "1.0.6"
  resolved "https://registry.yarnpkg.com/anchor.js/-/anchor.js-1.0.6.tgz#0d72ce993e19551b5a996282bcd147a914d3c0a2"
  dependencies:
    jquery ">=1.5.0"

jquery@>=1.5.0:
  version "3.3.1"
  resolved "https://registry.yarnpkg.com/jquery/-/jquery-3.3.1.tgz#958ce29e81c9790f31be7792df5d4d95fc57fbca"
